
Microsoft Visual Studio Solution File, Format Version 11.00
# Visual Studio 2010
Project("{FAE04EC0-301F-11D3-BF4B-00C04F79EFBC}") = "MspecTest", "MspecTest\MspecTest.csproj", "{657E5B63-F5F8-4352-A8B7-B16B83C4A0B7}"
EndProject
Project("{FAE04EC0-301F-11D3-BF4B-00C04F79EFBC}") = "MspecTest.Tests", "MspecTest.Tests\MspecTest.Tests.csproj", "{10B41506-74D0-480B-BA7B-18C20FAA4D67}"
EndProject
Global
	GlobalSection(SolutionConfigurationPlatforms) = preSolution
		Debug|Any CPU = Debug|Any CPU
		Release|Any CPU = Release|Any CPU
	EndGlobalSection
	GlobalSection(ProjectConfigurationPlatforms) = postSolution
		{657E5B63-F5F8-4352-A8B7-B16B83C4A0B7}.Debug|Any CPU.ActiveCfg = Debug|Any CPU
		{657E5B63-F5F8-4352-A8B7-B16B83C4A0B7}.Debug|Any CPU.Build.0 = Debug|Any CPU
		{657E5B63-F5F8-4352-A8B7-B16B83C4A0B7}.Release|Any CPU.ActiveCfg = Release|Any CPU
		{657E5B63-F5F8-4352-A8B7-B16B83C4A0B7}.Release|Any CPU.Build.0 = Release|Any CPU
		{10B41506-74D0-480B-BA7B-18C20FAA4D67}.Debug|Any CPU.ActiveCfg = Debug|Any CPU
		{10B41506-74D0-480B-BA7B-18C20FAA4D67}.Debug|Any CPU.Build.0 = Debug|Any CPU
		{10B41506-74D0-480B-BA7B-18C20FAA4D67}.Release|Any CPU.ActiveCfg = Release|Any CPU
		{10B41506-74D0-480B-BA7B-18C20FAA4D67}.Release|Any CPU.Build.0 = Release|Any CPU
	EndGlobalSection
	GlobalSection(SolutionProperties) = preSolution
		HideSolutionNode = FALSE
	EndGlobalSection
EndGlobal
